
Microsoft Visual Studio Solution File, Format Version 12.00
# Visual Studio Version 18
VisualStudioVersion = 18.4.11620.152 stable
MinimumVisualStudioVersion = 10.0.40219.1
Project("{FAE04EC0-301F-11D3-BF4B-00C04F79EFBC}") = "230801347", "230801347.csproj", "{19BCBD66-44BE-412B-BFE4-C16537B23C48}"
EndProject
Global
	GlobalSection(SolutionConfigurationPlatforms) = preSolution
		Debug|Any CPU = Debug|Any CPU
		Release|Any CPU = Release|Any CPU
	EndGlobalSection
	GlobalSection(ProjectConfigurationPlatforms) = postSolution
		{19BCBD66-44BE-412B-BFE4-C16537B23C48}.Debug|Any CPU.ActiveCfg = Debug|Any CPU
		{19BCBD66-44BE-412B-BFE4-C16537B23C48}.Debug|Any CPU.Build.0 = Debug|Any CPU
		{19BCBD66-44BE-412B-BFE4-C16537B23C48}.Release|Any CPU.ActiveCfg = Release|Any CPU
		{19BCBD66-44BE-412B-BFE4-C16537B23C48}.Release|Any CPU.Build.0 = Release|Any CPU
	EndGlobalSection
	GlobalSection(SolutionProperties) = preSolution
		HideSolutionNode = FALSE
	EndGlobalSection
	GlobalSection(ExtensibilityGlobals) = postSolution
		SolutionGuid = {10800BF3-709E-4F95-AB3E-ADE80408D2DF}
	EndGlobalSection
EndGlobal
